
Microsoft Visual Studio Solution File, Format Version 12.00
# Visual Studio Version 17
VisualStudioVersion = 17.1.32407.343
MinimumVisualStudioVersion = 10.0.40219.1
Project("{2150E333-8FDC-42A3-9474-1A3956D46DE8}") = "lib", "lib", "{A65297C5-32F8-43EF-9443-887A10A11E26}"
EndProject
Project("{2150E333-8FDC-42A3-9474-1A3956D46DE8}") = "utils", "utils", "{A71B7204-5177-40D4-85E9-9191D9D0E871}"
EndProject
Project("{9A19103F-16F7-4668-BE54-9A1E7A4F7556}") = "vbad", "utils\vbad\vbad.csproj", "{9DF9B097-B6AD-4804-B77B-368BA556C8B5}"
EndProject
Project("{9A19103F-16F7-4668-BE54-9A1E7A4F7556}") = "Kavod.Vba.Compression", "lib\VbaCompression\src\Kavod.Vba.Compression\Kavod.Vba.Compression.csproj", "{A18B0C04-A7DF-4E2C-A1EF-F5A8F3B3E8EF}"
EndProject
Project("{9A19103F-16F7-4668-BE54-9A1E7A4F7556}") = "vbamc", "src\vbamc\vbamc.csproj", "{3CA6032C-FDC1-4C35-AF3F-984BAD460C12}"
EndProject
Project("{2150E333-8FDC-42A3-9474-1A3956D46DE8}") = "tests", "tests", "{C879AB47-586B-4229-8D7C-440063943FCA}"
EndProject
Project("{9A19103F-16F7-4668-BE54-9A1E7A4F7556}") = "VbaCompiler.Tests", "tests\VbaCompiler.Tests\VbaCompiler.Tests.csproj", "{96CB89F7-B342-499A-8B11-0544E8CE084B}"
EndProject
Project("{9A19103F-16F7-4668-BE54-9A1E7A4F7556}") = "VbaCompiler", "src\VbaCompiler\VbaCompiler.csproj", "{EC2B7487-4C21-4118-A405-E4228CFF80B3}"
EndProject
Global
	GlobalSection(SolutionConfigurationPlatforms) = preSolution
		Debug|Any CPU = Debug|Any CPU
		Release|Any CPU = Release|Any CPU
	EndGlobalSection
	GlobalSection(ProjectConfigurationPlatforms) = postSolution
		{9DF9B097-B6AD-4804-B77B-368BA556C8B5}.Debug|Any CPU.ActiveCfg = Debug|Any CPU
		{9DF9B097-B6AD-4804-B77B-368BA556C8B5}.Debug|Any CPU.Build.0 = Debug|Any CPU
		{9DF9B097-B6AD-4804-B77B-368BA556C8B5}.Release|Any CPU.ActiveCfg = Release|Any CPU
		{9DF9B097-B6AD-4804-B77B-368BA556C8B5}.Release|Any CPU.Build.0 = Release|Any CPU
		{A18B0C04-A7DF-4E2C-A1EF-F5A8F3B3E8EF}.Debug|Any CPU.ActiveCfg = Debug|Any CPU
		{A18B0C04-A7DF-4E2C-A1EF-F5A8F3B3E8EF}.Debug|Any CPU.Build.0 = Debug|Any CPU
		{A18B0C04-A7DF-4E2C-A1EF-F5A8F3B3E8EF}.Release|Any CPU.ActiveCfg = Release|Any CPU
		{A18B0C04-A7DF-4E2C-A1EF-F5A8F3B3E8EF}.Release|Any CPU.Build.0 = Release|Any CPU
		{3CA6032C-FDC1-4C35-AF3F-984BAD460C12}.Debug|Any CPU.ActiveCfg = Debug|Any CPU
		{3CA6032C-FDC1-4C35-AF3F-984BAD460C12}.Debug|Any CPU.Build.0 = Debug|Any CPU
		{3CA6032C-FDC1-4C35-AF3F-984BAD460C12}.Release|Any CPU.ActiveCfg = Release|Any CPU
		{3CA6032C-FDC1-4C35-AF3F-984BAD460C12}.Release|Any CPU.Build.0 = Release|Any CPU
		{96CB89F7-B342-499A-8B11-0544E8CE084B}.Debug|Any CPU.ActiveCfg = Debug|Any CPU
		{96CB89F7-B342-499A-8B11-0544E8CE084B}.Debug|Any CPU.Build.0 = Debug|Any CPU
		{96CB89F7-B342-499A-8B11-0544E8CE084B}.Release|Any CPU.ActiveCfg = Release|Any CPU
		{96CB89F7-B342-499A-8B11-0544E8CE084B}.Release|Any CPU.Build.0 = Release|Any CPU
		{EC2B7487-4C21-4118-A405-E4228CFF80B3}.Debug|Any CPU.ActiveCfg = Debug|Any CPU
		{EC2B7487-4C21-4118-A405-E4228CFF80B3}.Debug|Any CPU.Build.0 = Debug|Any CPU
		{EC2B7487-4C21-4118-A405-E4228CFF80B3}.Release|Any CPU.ActiveCfg = Release|Any CPU
		{EC2B7487-4C21-4118-A405-E4228CFF80B3}.Release|Any CPU.Build.0 = Release|Any CPU
	EndGlobalSection
	GlobalSection(SolutionProperties) = preSolution
		HideSolutionNode = FALSE
	EndGlobalSection
	GlobalSection(NestedProjects) = preSolution
		{9DF9B097-B6AD-4804-B77B-368BA556C8B5} = {A71B7204-5177-40D4-85E9-9191D9D0E871}
		{A18B0C04-A7DF-4E2C-A1EF-F5A8F3B3E8EF} = {A65297C5-32F8-43EF-9443-887A10A11E26}
		{96CB89F7-B342-499A-8B11-0544E8CE084B} = {C879AB47-586B-4229-8D7C-440063943FCA}
	EndGlobalSection
	GlobalSection(ExtensibilityGlobals) = postSolution
		SolutionGuid = {8451A57F-A750-4C84-BFDE-48D3CD3D5F33}
	EndGlobalSection
EndGlobal
